
Microsoft Visual Studio Solution File, Format Version 12.00
# Visual Studio Version 17
VisualStudioVersion = 17.9.34728.123
MinimumVisualStudioVersion = 10.0.40219.1
Project("{9A19103F-16F7-4668-BE54-9A1E7A4F7556}") = "Lost And Found", "Lost And Found\Lost And Found.csproj", "{38E8E37F-DE28-42C1-ADE0-6468A4CD47D1}"
EndProject
Project("{FAE04EC0-301F-11D3-BF4B-00C04F79EFBC}") = "RDLCDesign", "RDLCDesign\RDLCDesign.csproj", "{7D65845A-6AAB-47AA-8336-C0B29062C2D0}"
EndProject
Global
	GlobalSection(SolutionConfigurationPlatforms) = preSolution
		Debug|Any CPU = Debug|Any CPU
		Release|Any CPU = Release|Any CPU
	EndGlobalSection
	GlobalSection(ProjectConfigurationPlatforms) = postSolution
		{38E8E37F-DE28-42C1-ADE0-6468A4CD47D1}.Debug|Any CPU.ActiveCfg = Debug|Any CPU
		{38E8E37F-DE28-42C1-ADE0-6468A4CD47D1}.Debug|Any CPU.Build.0 = Debug|Any CPU
		{38E8E37F-DE28-42C1-ADE0-6468A4CD47D1}.Release|Any CPU.ActiveCfg = Release|Any CPU
		{38E8E37F-DE28-42C1-ADE0-6468A4CD47D1}.Release|Any CPU.Build.0 = Release|Any CPU
		{7D65845A-6AAB-47AA-8336-C0B29062C2D0}.Debug|Any CPU.ActiveCfg = Debug|Any CPU
		{7D65845A-6AAB-47AA-8336-C0B29062C2D0}.Debug|Any CPU.Build.0 = Debug|Any CPU
		{7D65845A-6AAB-47AA-8336-C0B29062C2D0}.Release|Any CPU.ActiveCfg = Release|Any CPU
		{7D65845A-6AAB-47AA-8336-C0B29062C2D0}.Release|Any CPU.Build.0 = Release|Any CPU
	EndGlobalSection
	GlobalSection(SolutionProperties) = preSolution
		HideSolutionNode = FALSE
	EndGlobalSection
	GlobalSection(ExtensibilityGlobals) = postSolution
		SolutionGuid = {1ED007BE-89C8-45D9-A748-AA4DEFB1A147}
	EndGlobalSection
EndGlobal
